// !$*UTF8*$!
{
	archiveVersion = 1;
	classes = {
	};
	objectVersion = 46;
	objects = {

/* Begin PBXBuildFile section */
		1F0FC4611BFDB2AA00884C6E /* AppDelegate.swift in Sources */ = {isa = PBXBuildFile; fileRef = 1F0FC4601BFDB2AA00884C6E /* AppDelegate.swift */; };
		1F0FC4631BFDB2AA00884C6E /* ViewController.swift in Sources */ = {isa = PBXBuildFile; fileRef = 1F0FC4621BFDB2AA00884C6E /* ViewController.swift */; };
		1F0FC4661BFDB2AA00884C6E /* Main.storyboard in Resources */ = {isa = PBXBuildFile; fileRef = 1F0FC4641BFDB2AA00884C6E /* Main.storyboard */; };
		1F0FC4681BFDB2AA00884C6E /* Assets.xcassets in Resources */ = {isa = PBXBuildFile; fileRef = 1F0FC4671BFDB2AA00884C6E /* Assets.xcassets */; };
		1F0FC46B1BFDB2AA00884C6E /* LaunchScreen.storyboard in Resources */ = {isa = PBXBuildFile; fileRef = 1F0FC4691BFDB2AA00884C6E /* LaunchScreen.storyboard */; };
/* End PBXBuildFile section */

/* Begin PBXFileReference section */
		1F0FC45D1BFDB2AA00884C6E /* SimpleGraph.app */ = {isa = PBXFileReference; explicitFileType = wrapper.application; includeInIndex = 0; path = SimpleGraph.app; sourceTree = BUILT_PRODUCTS_DIR; };
		1F0FC4601BFDB2AA00884C6E /* AppDelegate.swift */ = {isa = PBXFileReference; lastKnownFileType = sourcecode.swift; path = AppDelegate.swift; sourceTree = "<group>"; };
		1F0FC4621BFDB2AA00884C6E /* ViewController.swift */ = {isa = PBXFileReference; lastKnownFileType = sourcecode.swift; path = ViewController.swift; sourceTree = "<group>"; };
		1F0FC4651BFDB2AA00884C6E /* Base */ = {isa = PBXFileReference; lastKnownFileType = file.storyboard; name = Base; path = Base.lproj/Main.storyboard; sourceTree = "<group>"; };
		1F0FC4671BFDB2AA00884C6E /* Assets.xcassets */ = {isa = PBXFileReference; lastKnownFileType = folder.assetcatalog; path = Assets.xcassets; sourceTree = "<group>"; };
		1F0FC46A1BFDB2AA00884C6E /* Base */ = {isa = PBXFileReference; lastKnownFileType = file.storyboard; name = Base; path = Base.lproj/LaunchScreen.storyboard; sourceTree = "<group>"; };
		1F0FC46C1BFDB2AA00884C6E /* Info.plist */ = {isa = PBXFileReference; lastKnownFileType = text.plist.xml; path = Info.plist; sourceTree = "<group>"; };
/* End PBXFileReference section */

/* Begin PBXFrameworksBuildPhase section */
		1F0FC45A1BFDB2AA00884C6E /* Frameworks */ = {
			isa = PBXFrameworksBuildPhase;
			buildActionMask = 2147483647;
			files = (
			);
			runOnlyForDeploymentPostprocessing = 0;
		};
/* End PBXFrameworksBuildPhase section */

/* Begin PBXGroup section */
		1F0FC4541BFDB2AA00884C6E = {
			isa = PBXGroup;
			children = (
				1F0FC45F1BFDB2AA00884C6E /* SimpleGraph */,
				1F0FC45E1BFDB2AA00884C6E /* Products */,
			);
			sourceTree = "<group>";
		};
		1F0FC45E1BFDB2AA00884C6E /* Products */ = {
			isa = PBXGroup;
			children = (
				1F0FC45D1BFDB2AA00884C6E /* SimpleGraph.app */,
			);
			name = Products;
			sourceTree = "<group>";
		};
		1F0FC45F1BFDB2AA00884C6E /* SimpleGraph */ = {
			isa = PBXGroup;
			children = (
				1F0FC4601BFDB2AA00884C6E /* AppDelegate.swift */,
				1F0FC4621BFDB2AA00884C6E /* ViewController.swift */,
				1F0FC4641BFDB2AA00884C6E /* Main.storyboard */,
				1F0FC4671BFDB2AA00884C6E /* Assets.xcassets */,
				1F0FC4691BFDB2AA00884C6E /* LaunchScreen.storyboard */,
				1F0FC46C1BFDB2AA00884C6E /* Info.plist */,
			);
			path = SimpleGraph;
			sourceTree = "<group>";
		};
/* End PBXGroup section */

/* Begin PBXNativeTarget section */
		1F0FC45C1BFDB2AA00884C6E /* SimpleGraph */ = {
			isa = PBXNativeTarget;
			buildConfigurationList = 1F0FC46F1BFDB2AA00884C6E /* Build configuration list for PBXNativeTarget "SimpleGraph" */;
			buildPhases = (
				1F0FC4591BFDB2AA00884C6E /* Sources */,
				1F0FC45A1BFDB2AA00884C6E /* Frameworks */,
				1F0FC45B1BFDB2AA00884C6E /* Resources */,
			);
			buildRules = (
			);
			dependencies = (
			);
			name = SimpleGraph;
			productName = SimpleGraph;
			productReference = 1F0FC45D1BFDB2AA00884C6E /* SimpleGraph.app */;
			productType = "com.apple.product-type.application";
		};
/* End PBXNativeTarget section */

/* Begin PBXProject section */
		1F0FC4551BFDB2AA00884C6E /* Project object */ = {
			isa = PBXProject;
			attributes = {
				LastSwiftUpdateCheck = 0710;
				LastUpgradeCheck = 0710;
				ORGANIZATIONNAME = yoshimikeisui;
				TargetAttributes = {
					1F0FC45C1BFDB2AA00884C6E = {
						CreatedOnToolsVersion = 7.1.1;
					};
				};
			};
			buildConfigurationList = 1F0FC4581BFDB2AA00884C6E /* Build configuration list for PBXProject "SimpleGraph" */;
			compatibilityVersion = "Xcode 3.2";
			developmentRegion = English;
			hasScannedForEncodings = 0;
			knownRegions = (
				en,
				Base,
			);
			mainGroup = 1F0FC4541BFDB2AA00884C6E;
			productRefGroup = 1F0FC45E1BFDB2AA00884C6E /* Products */;
			projectDirPath = "";
			projectRoot = "";
			targets = (
				1F0FC45C1BFDB2AA00884C6E /* SimpleGraph */,
			);
		};
/* End PBXProject section */

/* Begin PBXResourcesBuildPhase section */
		1F0FC45B1BFDB2AA00884C6E /* Resources */ = {
			isa = PBXResourcesBuildPhase;
			buildActionMask = 2147483647;
			files = (
				1F0FC46B1BFDB2AA00884C6E /* LaunchScreen.storyboard in Resources */,
				1F0FC4681BFDB2AA00884C6E /* Assets.xcassets in Resources */,
				1F0FC4661BFDB2AA00884C6E /* Main.storyboard in Resources */,
			);
			runOnlyForDeploymentPostprocessing = 0;
		};
/* End PBXResourcesBuildPhase section */

/* Begin PBXSourcesBuildPhase section */
		1F0FC4591BFDB2AA00884C6E /* Sources */ = {
			isa = PBXSourcesBuildPhase;
			buildActionMask = 2147483647;
			files = (
				1F0FC4631BFDB2AA00884C6E /* ViewController.swift in Sources */,
				1F0FC4611BFDB2AA00884C6E /* AppDelegate.swift in Sources */,
			);
			runOnlyForDeploymentPostprocessing = 0;
		};
/* End PBXSourcesBuildPhase section */

/* Begin PBXVariantGroup section */
		1F0FC4641BFDB2AA00884C6E /* Main.storyboard */ = {
			isa = PBXVariantGroup;
			children = (
				1F0FC4651BFDB2AA00884C6E /* Base */,
			);
			name = Main.storyboard;
			sourceTree = "<group>";
		};
		1F0FC4691BFDB2AA00884C6E /* LaunchScreen.storyboard */ = {
			isa = PBXVariantGroup;
			children = (
				1F0FC46A1BFDB2AA00884C6E /* Base */,
			);
			name = LaunchScreen.storyboard;
			sourceTree = "<group>";
		};
/* End PBXVariantGroup section */

/* Begin XCBuildConfiguration section */
		1F0FC46D1BFDB2AA00884C6E /* Debug */ = {
			isa = XCBuildConfiguration;
			buildSettings = {
				ALWAYS_SEARCH_USER_PATHS = NO;
				CLANG_CXX_LANGUAGE_STANDARD = "gnu++0x";
				CLANG_CXX_LIBRARY = "libc++";
				CLANG_ENABLE_MODULES = YES;
				CLANG_ENABLE_OBJC_ARC = YES;
				CLANG_WARN_BOOL_CONVERSION = YES;
				CLANG_WARN_CONSTANT_CONVERSION = YES;
				CLANG_WARN_DIRECT_OBJC_ISA_USAGE = YES_ERROR;
				CLANG_WARN_EMPTY_BODY = YES;
				CLANG_WARN_ENUM_CONVERSION = YES;
				CLANG_WARN_INT_CONVERSION = YES;
				CLANG_WARN_OBJC_ROOT_CLASS = YES_ERROR;
				CLANG_WARN_UNREACHABLE_CODE = YES;
				CLANG_WARN__DUPLICATE_METHOD_MATCH = YES;
				"CODE_SIGN_IDENTITY[sdk=iphoneos*]" = "iPhone Developer";
				COPY_PHASE_STRIP = NO;
				DEBUG_INFORMATION_FORMAT = dwarf;
				ENABLE_STRICT_OBJC_MSGSEND = YES;
				ENABLE_TESTABILITY = YES;
				GCC_C_LANGUAGE_STANDARD = gnu99;
				GCC_DYNAMIC_NO_PIC = NO;
				GCC_NO_COMMON_BLOCKS = YES;
				GCC_OPTIMIZATION_LEVEL = 0;
				GCC_PREPROCESSOR_DEFINITIONS = (
					"DEBUG=1",
					"$(inherited)",
				);
				GCC_WARN_64_TO_32_BIT_CONVERSION = YES;
				GCC_WARN_ABOUT_RETURN_TYPE = YES_ERROR;
				GCC_WARN_UNDECLARED_SELECTOR = YES;
				GCC_WARN_UNINITIALIZED_AUTOS = YES_AGGRESSIVE;
				GCC_WARN_UNUSED_FUNCTION = YES;
				GCC_WARN_UNUSED_VARIABLE = YES;
				IPHONEOS_DEPLOYMENT_TARGET = 9.1;
				MTL_ENABLE_DEBUG_INFO = YES;
				ONLY_ACTIVE_ARCH = YES;
				SDKROOT = iphoneos;
				SWIFT_OPTIMIZATION_LEVEL = "-Onone";
				TARGETED_DEVICE_FAMILY = "1,2";
			};
			name = Debug;
		};
		1F0FC46E1BFDB2AA00884C6E /* Release */ = {
			isa = XCBuildConfiguration;
			buildSettings = {
				ALWAYS_SEARCH_USER_PATHS = NO;
				CLANG_CXX_LANGUAGE_STANDARD = "gnu++0x";
				CLANG_CXX_LIBRARY = "libc++";
				CLANG_ENABLE_MODULES = YES;
				CLANG_ENABLE_OBJC_ARC = YES;
				CLANG_WARN_BOOL_CONVERSION = YES;
				CLANG_WARN_CONSTANT_CONVERSION = YES;
				CLANG_WARN_DIRECT_OBJC_ISA_USAGE = YES_ERROR;
				CLANG_WARN_EMPTY_BODY = YES;
				CLANG_WARN_ENUM_CONVERSION = YES;
				CLANG_WARN_INT_CONVERSION = YES;
				CLANG_WARN_OBJC_ROOT_CLASS = YES_ERROR;
				CLANG_WARN_UNREACHABLE_CODE = YES;
				CLANG_WARN__DUPLICATE_METHOD_MATCH = YES;
				"CODE_SIGN_IDENTITY[sdk=iphoneos*]" = "iPhone Developer";
				COPY_PHASE_STRIP = NO;
				DEBUG_INFORMATION_FORMAT = "dwarf-with-dsym";
				ENABLE_NS_ASSERTIONS = NO;
				ENABLE_STRICT_OBJC_MSGSEND = YES;
				GCC_C_LANGUAGE_STANDARD = gnu99;
				GCC_NO_COMMON_BLOCKS = YES;
				GCC_WARN_64_TO_32_BIT_CONVERSION = YES;
				GCC_WARN_ABOUT_RETURN_TYPE = YES_ERROR;
				GCC_WARN_UNDECLARED_SELECTOR = YES;
				GCC_WARN_UNINITIALIZED_AUTOS = YES_AGGRESSIVE;
				GCC_WARN_UNUSED_FUNCTION = YES;
				GCC_WARN_UNUSED_VARIABLE = YES;
				IPHONEOS_DEPLOYMENT_TARGET = 9.1;
				MTL_ENABLE_DEBUG_INFO = NO;
				SDKROOT = iphoneos;
				TARGETED_DEVICE_FAMILY = "1,2";
				VALIDATE_PRODUCT = YES;
			};
			name = Release;
		};
		1F0FC4701BFDB2AA00884C6E /* Debug */ = {
			isa = XCBuildConfiguration;
			buildSettings = {
				ASSETCATALOG_COMPILER_APPICON_NAME = AppIcon;
				INFOPLIST_FILE = SimpleGraph/Info.plist;
				LD_RUNPATH_SEARCH_PATHS = "$(inherited) @executable_path/Frameworks";
				PRODUCT_BUNDLE_IDENTIFIER = com.yoshimikeisui.SimpleGraph;
				PRODUCT_NAME = "$(TARGET_NAME)";
			};
			name = Debug;
		};
		1F0FC4711BFDB2AA00884C6E /* Release */ = {
			isa = XCBuildConfiguration;
			buildSettings = {
				ASSETCATALOG_COMPILER_APPICON_NAME = AppIcon;
				INFOPLIST_FILE = SimpleGraph/Info.plist;
				LD_RUNPATH_SEARCH_PATHS = "$(inherited) @executable_path/Frameworks";
				PRODUCT_BUNDLE_IDENTIFIER = com.yoshimikeisui.SimpleGraph;
				PRODUCT_NAME = "$(TARGET_NAME)";
			};
			name = Release;
		};
/* End XCBuildConfiguration section */

/* Begin XCConfigurationList section */
		1F0FC4581BFDB2AA00884C6E /* Build configuration list for PBXProject "SimpleGraph" */ = {
			isa = XCConfigurationList;
			buildConfigurations = (
				1F0FC46D1BFDB2AA00884C6E /* Debug */,
				1F0FC46E1BFDB2AA00884C6E /* Release */,
			);
			defaultConfigurationIsVisible = 0;
			defaultConfigurationName = Release;
		};
		1F0FC46F1BFDB2AA00884C6E /* Build configuration list for PBXNativeTarget "SimpleGraph" */ = {
			isa = XCConfigurationList;
			buildConfigurations = (
				1F0FC4701BFDB2AA00884C6E /* Debug */,
				1F0FC4711BFDB2AA00884C6E /* Release */,
			);
			defaultConfigurationIsVisible = 0;
		};
/* End XCConfigurationList section */
	};
	rootObject = 1F0FC4551BFDB2AA00884C6E /* Project object */;
}
